// !$*UTF8*$!
{
	archiveVersion = 1;
	classes = {
	};
	objectVersion = 46;
	objects = {

/* Begin PBXBuildFile section */
		A8A9D0161E4AB38B003E6F3E /* AppDelegate.swift in Sources */ = {isa = PBXBuildFile; fileRef = A8A9D0151E4AB38B003E6F3E /* AppDelegate.swift */; };
		A8A9D0181E4AB38B003E6F3E /* ViewController.swift in Sources */ = {isa = PBXBuildFile; fileRef = A8A9D0171E4AB38B003E6F3E /* ViewController.swift */; };
		A8A9D01B1E4AB38B003E6F3E /* Main.storyboard in Resources */ = {isa = PBXBuildFile; fileRef = A8A9D0191E4AB38B003E6F3E /* Main.storyboard */; };
		A8A9D01D1E4AB38B003E6F3E /* Assets.xcassets in Resources */ = {isa = PBXBuildFile; fileRef = A8A9D01C1E4AB38B003E6F3E /* Assets.xcassets */; };
		A8A9D0201E4AB38B003E6F3E /* LaunchScreen.storyboard in Resources */ = {isa = PBXBuildFile; fileRef = A8A9D01E1E4AB38B003E6F3E /* LaunchScreen.storyboard */; };
/* End PBXBuildFile section */

/* Begin PBXFileReference section */
		A8A9D0121E4AB38B003E6F3E /* Swift-WebView.app */ = {isa = PBXFileReference; explicitFileType = wrapper.application; includeInIndex = 0; path = "Swift-WebView.app"; sourceTree = BUILT_PRODUCTS_DIR; };
		A8A9D0151E4AB38B003E6F3E /* AppDelegate.swift */ = {isa = PBXFileReference; lastKnownFileType = sourcecode.swift; path = AppDelegate.swift; sourceTree = "<group>"; };
		A8A9D0171E4AB38B003E6F3E /* ViewController.swift */ = {isa = PBXFileReference; lastKnownFileType = sourcecode.swift; path = ViewController.swift; sourceTree = "<group>"; };
		A8A9D01A1E4AB38B003E6F3E /* Base */ = {isa = PBXFileReference; lastKnownFileType = file.storyboard; name = Base; path = Base.lproj/Main.storyboard; sourceTree = "<group>"; };
		A8A9D01C1E4AB38B003E6F3E /* Assets.xcassets */ = {isa = PBXFileReference; lastKnownFileType = folder.assetcatalog; path = Assets.xcassets; sourceTree = "<group>"; };
		A8A9D01F1E4AB38B003E6F3E /* Base */ = {isa = PBXFileReference; lastKnownFileType = file.storyboard; name = Base; path = Base.lproj/LaunchScreen.storyboard; sourceTree = "<group>"; };
		A8A9D0211E4AB38B003E6F3E /* Info.plist */ = {isa = PBXFileReference; lastKnownFileType = text.plist.xml; path = Info.plist; sourceTree = "<group>"; };
/* End PBXFileReference section */

/* Begin PBXFrameworksBuildPhase section */
		A8A9D00F1E4AB38B003E6F3E /* Frameworks */ = {
			isa = PBXFrameworksBuildPhase;
			buildActionMask = 2147483647;
			files = (
			);
			runOnlyForDeploymentPostprocessing = 0;
		};
/* End PBXFrameworksBuildPhase section */

/* Begin PBXGroup section */
		A8A9D0091E4AB38A003E6F3E = {
			isa = PBXGroup;
			children = (
				A8A9D0141E4AB38B003E6F3E /* Swift-WebView */,
				A8A9D0131E4AB38B003E6F3E /* Products */,
			);
			sourceTree = "<group>";
		};
		A8A9D0131E4AB38B003E6F3E /* Products */ = {
			isa = PBXGroup;
			children = (
				A8A9D0121E4AB38B003E6F3E /* Swift-WebView.app */,
			);
			name = Products;
			sourceTree = "<group>";
		};
		A8A9D0141E4AB38B003E6F3E /* Swift-WebView */ = {
			isa = PBXGroup;
			children = (
				A8A9D0151E4AB38B003E6F3E /* AppDelegate.swift */,
				A8A9D0171E4AB38B003E6F3E /* ViewController.swift */,
				A8A9D0191E4AB38B003E6F3E /* Main.storyboard */,
				A8A9D01C1E4AB38B003E6F3E /* Assets.xcassets */,
				A8A9D01E1E4AB38B003E6F3E /* LaunchScreen.storyboard */,
				A8A9D0211E4AB38B003E6F3E /* Info.plist */,
			);
			path = "Swift-WebView";
			sourceTree = "<group>";
		};
/* End PBXGroup section */

/* Begin PBXNativeTarget section */
		A8A9D0111E4AB38B003E6F3E /* Swift-WebView */ = {
			isa = PBXNativeTarget;
			buildConfigurationList = A8A9D0241E4AB38B003E6F3E /* Build configuration list for PBXNativeTarget "Swift-WebView" */;
			buildPhases = (
				A8A9D00E1E4AB38B003E6F3E /* Sources */,
				A8A9D00F1E4AB38B003E6F3E /* Frameworks */,
				A8A9D0101E4AB38B003E6F3E /* Resources */,
			);
			buildRules = (
			);
			dependencies = (
			);
			name = "Swift-WebView";
			productName = "Swift-WebView";
			productReference = A8A9D0121E4AB38B003E6F3E /* Swift-WebView.app */;
			productType = "com.apple.product-type.application";
		};
/* End PBXNativeTarget section */

/* Begin PBXProject section */
		A8A9D00A1E4AB38A003E6F3E /* Project object */ = {
			isa = PBXProject;
			attributes = {
				LastSwiftUpdateCheck = 0810;
				LastUpgradeCheck = 0810;
				ORGANIZATIONNAME = "Meng Fan";
				TargetAttributes = {
					A8A9D0111E4AB38B003E6F3E = {
						CreatedOnToolsVersion = 8.1;
						ProvisioningStyle = Automatic;
					};
				};
			};
			buildConfigurationList = A8A9D00D1E4AB38A003E6F3E /* Build configuration list for PBXProject "Swift-WebView" */;
			compatibilityVersion = "Xcode 3.2";
			developmentRegion = English;
			hasScannedForEncodings = 0;
			knownRegions = (
				en,
				Base,
			);
			mainGroup = A8A9D0091E4AB38A003E6F3E;
			productRefGroup = A8A9D0131E4AB38B003E6F3E /* Products */;
			projectDirPath = "";
			projectRoot = "";
			targets = (
				A8A9D0111E4AB38B003E6F3E /* Swift-WebView */,
			);
		};
/* End PBXProject section */

/* Begin PBXResourcesBuildPhase section */
		A8A9D0101E4AB38B003E6F3E /* Resources */ = {
			isa = PBXResourcesBuildPhase;
			buildActionMask = 2147483647;
			files = (
				A8A9D0201E4AB38B003E6F3E /* LaunchScreen.storyboard in Resources */,
				A8A9D01D1E4AB38B003E6F3E /* Assets.xcassets in Resources */,
				A8A9D01B1E4AB38B003E6F3E /* Main.storyboard in Resources */,
			);
			runOnlyForDeploymentPostprocessing = 0;
		};
/* End PBXResourcesBuildPhase section */

/* Begin PBXSourcesBuildPhase section */
		A8A9D00E1E4AB38B003E6F3E /* Sources */ = {
			isa = PBXSourcesBuildPhase;
			buildActionMask = 2147483647;
			files = (
				A8A9D0181E4AB38B003E6F3E /* ViewController.swift in Sources */,
				A8A9D0161E4AB38B003E6F3E /* AppDelegate.swift in Sources */,
			);
			runOnlyForDeploymentPostprocessing = 0;
		};
/* End PBXSourcesBuildPhase section */

/* Begin PBXVariantGroup section */
		A8A9D0191E4AB38B003E6F3E /* Main.storyboard */ = {
			isa = PBXVariantGroup;
			children = (
				A8A9D01A1E4AB38B003E6F3E /* Base */,
			);
			name = Main.storyboard;
			sourceTree = "<group>";
		};
		A8A9D01E1E4AB38B003E6F3E /* LaunchScreen.storyboard */ = {
			isa = PBXVariantGroup;
			children = (
				A8A9D01F1E4AB38B003E6F3E /* Base */,
			);
			name = LaunchScreen.storyboard;
			sourceTree = "<group>";
		};
/* End PBXVariantGroup section */

/* Begin XCBuildConfiguration section */
		A8A9D0221E4AB38B003E6F3E /* Debug */ = {
			isa = XCBuildConfiguration;
			buildSettings = {
				ALWAYS_SEARCH_USER_PATHS = NO;
				CLANG_ANALYZER_NONNULL = YES;
				CLANG_CXX_LANGUAGE_STANDARD = "gnu++0x";
				CLANG_CXX_LIBRARY = "libc++";
				CLANG_ENABLE_MODULES = YES;
				CLANG_ENABLE_OBJC_ARC = YES;
				CLANG_WARN_BOOL_CONVERSION = YES;
				CLANG_WARN_CONSTANT_CONVERSION = YES;
				CLANG_WARN_DIRECT_OBJC_ISA_USAGE = YES_ERROR;
				CLANG_WARN_DOCUMENTATION_COMMENTS = YES;
				CLANG_WARN_EMPTY_BODY = YES;
				CLANG_WARN_ENUM_CONVERSION = YES;
				CLANG_WARN_INFINITE_RECURSION = YES;
				CLANG_WARN_INT_CONVERSION = YES;
				CLANG_WARN_OBJC_ROOT_CLASS = YES_ERROR;
				CLANG_WARN_SUSPICIOUS_MOVES = YES;
				CLANG_WARN_UNREACHABLE_CODE = YES;
				CLANG_WARN__DUPLICATE_METHOD_MATCH = YES;
				"CODE_SIGN_IDENTITY[sdk=iphoneos*]" = "iPhone Developer";
				COPY_PHASE_STRIP = NO;
				DEBUG_INFORMATION_FORMAT = dwarf;
				ENABLE_STRICT_OBJC_MSGSEND = YES;
				ENABLE_TESTABILITY = YES;
				GCC_C_LANGUAGE_STANDARD = gnu99;
				GCC_DYNAMIC_NO_PIC = NO;
				GCC_NO_COMMON_BLOCKS = YES;
				GCC_OPTIMIZATION_LEVEL = 0;
				GCC_PREPROCESSOR_DEFINITIONS = (
					"DEBUG=1",
					"$(inherited)",
				);
				GCC_WARN_64_TO_32_BIT_CONVERSION = YES;
				GCC_WARN_ABOUT_RETURN_TYPE = YES_ERROR;
				GCC_WARN_UNDECLARED_SELECTOR = YES;
				GCC_WARN_UNINITIALIZED_AUTOS = YES_AGGRESSIVE;
				GCC_WARN_UNUSED_FUNCTION = YES;
				GCC_WARN_UNUSED_VARIABLE = YES;
				IPHONEOS_DEPLOYMENT_TARGET = 10.1;
				MTL_ENABLE_DEBUG_INFO = YES;
				ONLY_ACTIVE_ARCH = YES;
				SDKROOT = iphoneos;
				SWIFT_ACTIVE_COMPILATION_CONDITIONS = DEBUG;
				SWIFT_OPTIMIZATION_LEVEL = "-Onone";
			};
			name = Debug;
		};
		A8A9D0231E4AB38B003E6F3E /* Release */ = {
			isa = XCBuildConfiguration;
			buildSettings = {
				ALWAYS_SEARCH_USER_PATHS = NO;
				CLANG_ANALYZER_NONNULL = YES;
				CLANG_CXX_LANGUAGE_STANDARD = "gnu++0x";
				CLANG_CXX_LIBRARY = "libc++";
				CLANG_ENABLE_MODULES = YES;
				CLANG_ENABLE_OBJC_ARC = YES;
				CLANG_WARN_BOOL_CONVERSION = YES;
				CLANG_WARN_CONSTANT_CONVERSION = YES;
				CLANG_WARN_DIRECT_OBJC_ISA_USAGE = YES_ERROR;
				CLANG_WARN_DOCUMENTATION_COMMENTS = YES;
				CLANG_WARN_EMPTY_BODY = YES;
				CLANG_WARN_ENUM_CONVERSION = YES;
				CLANG_WARN_INFINITE_RECURSION = YES;
				CLANG_WARN_INT_CONVERSION = YES;
				CLANG_WARN_OBJC_ROOT_CLASS = YES_ERROR;
				CLANG_WARN_SUSPICIOUS_MOVES = YES;
				CLANG_WARN_UNREACHABLE_CODE = YES;
				CLANG_WARN__DUPLICATE_METHOD_MATCH = YES;
				"CODE_SIGN_IDENTITY[sdk=iphoneos*]" = "iPhone Developer";
				COPY_PHASE_STRIP = NO;
				DEBUG_INFORMATION_FORMAT = "dwarf-with-dsym";
				ENABLE_NS_ASSERTIONS = NO;
				ENABLE_STRICT_OBJC_MSGSEND = YES;
				GCC_C_LANGUAGE_STANDARD = gnu99;
				GCC_NO_COMMON_BLOCKS = YES;
				GCC_WARN_64_TO_32_BIT_CONVERSION = YES;
				GCC_WARN_ABOUT_RETURN_TYPE = YES_ERROR;
				GCC_WARN_UNDECLARED_SELECTOR = YES;
				GCC_WARN_UNINITIALIZED_AUTOS = YES_AGGRESSIVE;
				GCC_WARN_UNUSED_FUNCTION = YES;
				GCC_WARN_UNUSED_VARIABLE = YES;
				IPHONEOS_DEPLOYMENT_TARGET = 10.1;
				MTL_ENABLE_DEBUG_INFO = NO;
				SDKROOT = iphoneos;
				SWIFT_OPTIMIZATION_LEVEL = "-Owholemodule";
				VALIDATE_PRODUCT = YES;
			};
			name = Release;
		};
		A8A9D0251E4AB38B003E6F3E /* Debug */ = {
			isa = XCBuildConfiguration;
			buildSettings = {
				ASSETCATALOG_COMPILER_APPICON_NAME = AppIcon;
				INFOPLIST_FILE = "Swift-WebView/Info.plist";
				LD_RUNPATH_SEARCH_PATHS = "$(inherited) @executable_path/Frameworks";
				PRODUCT_BUNDLE_IDENTIFIER = "com.dk.Swift-WebView";
				PRODUCT_NAME = "$(TARGET_NAME)";
				SWIFT_VERSION = 3.0;
			};
			name = Debug;
		};
		A8A9D0261E4AB38B003E6F3E /* Release */ = {
			isa = XCBuildConfiguration;
			buildSettings = {
				ASSETCATALOG_COMPILER_APPICON_NAME = AppIcon;
				INFOPLIST_FILE = "Swift-WebView/Info.plist";
				LD_RUNPATH_SEARCH_PATHS = "$(inherited) @executable_path/Frameworks";
				PRODUCT_BUNDLE_IDENTIFIER = "com.dk.Swift-WebView";
				PRODUCT_NAME = "$(TARGET_NAME)";
				SWIFT_VERSION = 3.0;
			};
			name = Release;
		};
/* End XCBuildConfiguration section */

/* Begin XCConfigurationList section */
		A8A9D00D1E4AB38A003E6F3E /* Build configuration list for PBXProject "Swift-WebView" */ = {
			isa = XCConfigurationList;
			buildConfigurations = (
				A8A9D0221E4AB38B003E6F3E /* Debug */,
				A8A9D0231E4AB38B003E6F3E /* Release */,
			);
			defaultConfigurationIsVisible = 0;
			defaultConfigurationName = Release;
		};
		A8A9D0241E4AB38B003E6F3E /* Build configuration list for PBXNativeTarget "Swift-WebView" */ = {
			isa = XCConfigurationList;
			buildConfigurations = (
				A8A9D0251E4AB38B003E6F3E /* Debug */,
				A8A9D0261E4AB38B003E6F3E /* Release */,
			);
			defaultConfigurationIsVisible = 0;
		};
/* End XCConfigurationList section */
	};
	rootObject = A8A9D00A1E4AB38A003E6F3E /* Project object */;
}
